
Microsoft Visual Studio Solution File, Format Version 12.00
# Visual Studio Version 16
VisualStudioVersion = 16.0.30717.126
MinimumVisualStudioVersion = 10.0.40219.1
Project("{9A19103F-16F7-4668-BE54-9A1E7A4F7556}") = "Elements", "Elements\Elements.csproj", "{9352D839-7111-420F-9CF0-C020D1FCD1C1}"
EndProject
Project("{9A19103F-16F7-4668-BE54-9A1E7A4F7556}") = "PWHelper", "PWHelper\PWHelper.csproj", "{EC8EBB3B-719C-4F91-8EFB-C6FA1F0A94EF}"
EndProject
Project("{9A19103F-16F7-4668-BE54-9A1E7A4F7556}") = "ECGenerator", "ECGenerator\ECGenerator.csproj", "{DE5206B5-25F5-43EB-9B10-2E283C7D7573}"
EndProject
Project("{FAE04EC0-301F-11D3-BF4B-00C04F79EFBC}") = "Domain", "Domain\Domain.csproj", "{A72D6842-0008-4E8F-8A31-A42934CBF89F}"
EndProject
Global
	GlobalSection(SolutionConfigurationPlatforms) = preSolution
		Debug|Any CPU = Debug|Any CPU
		Release|Any CPU = Release|Any CPU
	EndGlobalSection
	GlobalSection(ProjectConfigurationPlatforms) = postSolution
		{9352D839-7111-420F-9CF0-C020D1FCD1C1}.Debug|Any CPU.ActiveCfg = Debug|Any CPU
		{9352D839-7111-420F-9CF0-C020D1FCD1C1}.Debug|Any CPU.Build.0 = Debug|Any CPU
		{9352D839-7111-420F-9CF0-C020D1FCD1C1}.Release|Any CPU.ActiveCfg = Release|Any CPU
		{9352D839-7111-420F-9CF0-C020D1FCD1C1}.Release|Any CPU.Build.0 = Release|Any CPU
		{EC8EBB3B-719C-4F91-8EFB-C6FA1F0A94EF}.Debug|Any CPU.ActiveCfg = Debug|Any CPU
		{EC8EBB3B-719C-4F91-8EFB-C6FA1F0A94EF}.Debug|Any CPU.Build.0 = Debug|Any CPU
		{EC8EBB3B-719C-4F91-8EFB-C6FA1F0A94EF}.Release|Any CPU.ActiveCfg = Release|Any CPU
		{EC8EBB3B-719C-4F91-8EFB-C6FA1F0A94EF}.Release|Any CPU.Build.0 = Release|Any CPU
		{DE5206B5-25F5-43EB-9B10-2E283C7D7573}.Debug|Any CPU.ActiveCfg = Debug|Any CPU
		{DE5206B5-25F5-43EB-9B10-2E283C7D7573}.Debug|Any CPU.Build.0 = Debug|Any CPU
		{DE5206B5-25F5-43EB-9B10-2E283C7D7573}.Release|Any CPU.ActiveCfg = Release|Any CPU
		{DE5206B5-25F5-43EB-9B10-2E283C7D7573}.Release|Any CPU.Build.0 = Release|Any CPU
		{A72D6842-0008-4E8F-8A31-A42934CBF89F}.Debug|Any CPU.ActiveCfg = Debug|Any CPU
		{A72D6842-0008-4E8F-8A31-A42934CBF89F}.Debug|Any CPU.Build.0 = Debug|Any CPU
		{A72D6842-0008-4E8F-8A31-A42934CBF89F}.Release|Any CPU.ActiveCfg = Release|Any CPU
		{A72D6842-0008-4E8F-8A31-A42934CBF89F}.Release|Any CPU.Build.0 = Release|Any CPU
	EndGlobalSection
	GlobalSection(SolutionProperties) = preSolution
		HideSolutionNode = FALSE
	EndGlobalSection
	GlobalSection(ExtensibilityGlobals) = postSolution
		SolutionGuid = {5783F0E8-2876-4AA6-9E95-8B04D3F9D9B7}
	EndGlobalSection
EndGlobal
